
Microsoft Visual Studio Solution File, Format Version 12.00
# Visual Studio 15
Project("{FAE04EC0-301F-11D3-BF4B-00C04F79EFBC}") = "Assembly-CSharp", "Assembly-CSharp.csproj", "{231EA75C-2962-E05D-2E09-642F9A683CC5}"
EndProject
Project("{FAE04EC0-301F-11D3-BF4B-00C04F79EFBC}") = "Assembly-CSharp-firstpass", "Assembly-CSharp-firstpass.csproj", "{5718DC14-7D9E-9327-6263-445E86483A93}"
EndProject
Project("{FAE04EC0-301F-11D3-BF4B-00C04F79EFBC}") = "Assembly-CSharp-Editor", "Assembly-CSharp-Editor.csproj", "{8D10402C-3063-8BF6-4868-FBE5E8B16907}"
EndProject
Project("{FAE04EC0-301F-11D3-BF4B-00C04F79EFBC}") = "Assembly-CSharp-Editor-firstpass", "Assembly-CSharp-Editor-firstpass.csproj", "{CFC4E1A2-46C4-BD1C-A5B9-597E6DE9A62C}"
EndProject
Global
	GlobalSection(SolutionConfigurationPlatforms) = preSolution
		Debug|Any CPU = Debug|Any CPU
		Release|Any CPU = Release|Any CPU
	EndGlobalSection
	GlobalSection(ProjectConfigurationPlatforms) = postSolution
		{231EA75C-2962-E05D-2E09-642F9A683CC5}.Debug|Any CPU.ActiveCfg = Debug|Any CPU
		{231EA75C-2962-E05D-2E09-642F9A683CC5}.Debug|Any CPU.Build.0 = Debug|Any CPU
		{231EA75C-2962-E05D-2E09-642F9A683CC5}.Release|Any CPU.ActiveCfg = Release|Any CPU
		{231EA75C-2962-E05D-2E09-642F9A683CC5}.Release|Any CPU.Build.0 = Release|Any CPU
		{5718DC14-7D9E-9327-6263-445E86483A93}.Debug|Any CPU.ActiveCfg = Debug|Any CPU
		{5718DC14-7D9E-9327-6263-445E86483A93}.Debug|Any CPU.Build.0 = Debug|Any CPU
		{5718DC14-7D9E-9327-6263-445E86483A93}.Release|Any CPU.ActiveCfg = Release|Any CPU
		{5718DC14-7D9E-9327-6263-445E86483A93}.Release|Any CPU.Build.0 = Release|Any CPU
		{8D10402C-3063-8BF6-4868-FBE5E8B16907}.Debug|Any CPU.ActiveCfg = Debug|Any CPU
		{8D10402C-3063-8BF6-4868-FBE5E8B16907}.Debug|Any CPU.Build.0 = Debug|Any CPU
		{8D10402C-3063-8BF6-4868-FBE5E8B16907}.Release|Any CPU.ActiveCfg = Release|Any CPU
		{8D10402C-3063-8BF6-4868-FBE5E8B16907}.Release|Any CPU.Build.0 = Release|Any CPU
		{CFC4E1A2-46C4-BD1C-A5B9-597E6DE9A62C}.Debug|Any CPU.ActiveCfg = Debug|Any CPU
		{CFC4E1A2-46C4-BD1C-A5B9-597E6DE9A62C}.Debug|Any CPU.Build.0 = Debug|Any CPU
		{CFC4E1A2-46C4-BD1C-A5B9-597E6DE9A62C}.Release|Any CPU.ActiveCfg = Release|Any CPU
		{CFC4E1A2-46C4-BD1C-A5B9-597E6DE9A62C}.Release|Any CPU.Build.0 = Release|Any CPU
	EndGlobalSection
	GlobalSection(SolutionProperties) = preSolution
		HideSolutionNode = FALSE
	EndGlobalSection
EndGlobal
